{
  "name": "napsinat",
  "version": "1.0.0",
  "lockfileVersion": 1,
  "requires": true,
  "dependencies": {
    "eslint-config-google": {
      "version": "0.12.0",
      "resolved": "https://registry.npmjs.org/eslint-config-google/-/eslint-config-google-0.12.0.tgz",
      "integrity": "sha512-SHDM3nIRCJBACjf8c/H6FvCwRmKbphESNl3gJFBNbw4KYDLCONB3ABYLXDGF+iaVP9XSTND/Q5/PuGoFkp4xbg==",
      "dev": true
    },
    "lodash": {
      "version": "4.17.11",
      "resolved": "https://registry.npmjs.org/lodash/-/lodash-4.17.11.tgz",
      "integrity": "sha512-cQKh8igo5QUhZ7lg38DYWAxMvjSAKG0A8wGSVimP07SIUEK2UO+arSRKbRZWtelMtN5V0Hkwh5ryOto/SshYIg=="
    },
    "underscore": {
      "version": "1.9.1",
      "resolved": "https://registry.npmjs.org/underscore/-/underscore-1.9.1.tgz",
      "integrity": "sha512-5/4etnCkd9c8gwgowi5/om/mYO5ajCaOgdzj/oW+0eQV9WxKBDZw5+ycmKmeaTXjInS/W0BzpGLo2xR2aBwZdg=="
    }
  }
}
